
Microsoft Visual Studio Solution File, Format Version 12.00
# Visual Studio Version 17
VisualStudioVersion = 17.1.32319.34
MinimumVisualStudioVersion = 10.0.40219.1
Project("{FAE04EC0-301F-11D3-BF4B-00C04F79EFBC}") = "YapilacaklarListesi", "YapilacaklarListesi\YapilacaklarListesi.csproj", "{942CFF6C-9355-4E4F-ABDE-22FD838B53BB}"
EndProject
Project("{FAE04EC0-301F-11D3-BF4B-00C04F79EFBC}") = "YapilacaklarListesiTest", "YapilacaklarListesiTest\YapilacaklarListesiTest.csproj", "{0A9C8DED-8B77-46A4-ADEE-1CB57B847C3D}"
EndProject
Global
	GlobalSection(SolutionConfigurationPlatforms) = preSolution
		Debug|Any CPU = Debug|Any CPU
		Release|Any CPU = Release|Any CPU
	EndGlobalSection
	GlobalSection(ProjectConfigurationPlatforms) = postSolution
		{942CFF6C-9355-4E4F-ABDE-22FD838B53BB}.Debug|Any CPU.ActiveCfg = Debug|Any CPU
		{942CFF6C-9355-4E4F-ABDE-22FD838B53BB}.Debug|Any CPU.Build.0 = Debug|Any CPU
		{942CFF6C-9355-4E4F-ABDE-22FD838B53BB}.Release|Any CPU.ActiveCfg = Release|Any CPU
		{942CFF6C-9355-4E4F-ABDE-22FD838B53BB}.Release|Any CPU.Build.0 = Release|Any CPU
		{0A9C8DED-8B77-46A4-ADEE-1CB57B847C3D}.Debug|Any CPU.ActiveCfg = Debug|Any CPU
		{0A9C8DED-8B77-46A4-ADEE-1CB57B847C3D}.Debug|Any CPU.Build.0 = Debug|Any CPU
		{0A9C8DED-8B77-46A4-ADEE-1CB57B847C3D}.Release|Any CPU.ActiveCfg = Release|Any CPU
		{0A9C8DED-8B77-46A4-ADEE-1CB57B847C3D}.Release|Any CPU.Build.0 = Release|Any CPU
	EndGlobalSection
	GlobalSection(SolutionProperties) = preSolution
		HideSolutionNode = FALSE
	EndGlobalSection
	GlobalSection(ExtensibilityGlobals) = postSolution
		SolutionGuid = {BD68FB59-A891-42D4-8AD3-69DAFE0CEE2C}
	EndGlobalSection
EndGlobal
